
Microsoft Visual Studio Solution File, Format Version 12.00
# Visual Studio Version 16
VisualStudioVersion = 16.0.31313.79
MinimumVisualStudioVersion = 10.0.40219.1
Project("{8BC9CEB8-8B4A-11D0-8D11-00A0C91BC942}") = "sorting animation", "sorting animation.vcxproj", "{72F14C54-DB7F-423A-A817-41819E619A34}"
EndProject
Global
	GlobalSection(SolutionConfigurationPlatforms) = preSolution
		Debug|x64 = Debug|x64
		Debug|x86 = Debug|x86
		Release|x64 = Release|x64
		Release|x86 = Release|x86
	EndGlobalSection
	GlobalSection(ProjectConfigurationPlatforms) = postSolution
		{72F14C54-DB7F-423A-A817-41819E619A34}.Debug|x64.ActiveCfg = Debug|x64
		{72F14C54-DB7F-423A-A817-41819E619A34}.Debug|x64.Build.0 = Debug|x64
		{72F14C54-DB7F-423A-A817-41819E619A34}.Debug|x86.ActiveCfg = Debug|Win32
		{72F14C54-DB7F-423A-A817-41819E619A34}.Debug|x86.Build.0 = Debug|Win32
		{72F14C54-DB7F-423A-A817-41819E619A34}.Release|x64.ActiveCfg = Release|x64
		{72F14C54-DB7F-423A-A817-41819E619A34}.Release|x64.Build.0 = Release|x64
		{72F14C54-DB7F-423A-A817-41819E619A34}.Release|x86.ActiveCfg = Release|Win32
		{72F14C54-DB7F-423A-A817-41819E619A34}.Release|x86.Build.0 = Release|Win32
	EndGlobalSection
	GlobalSection(SolutionProperties) = preSolution
		HideSolutionNode = FALSE
	EndGlobalSection
	GlobalSection(ExtensibilityGlobals) = postSolution
		SolutionGuid = {8962FBA9-1CC7-450D-9F9D-E754E148630C}
	EndGlobalSection
EndGlobal
